
Microsoft Visual Studio Solution File, Format Version 12.00
# Visual Studio Version 16
VisualStudioVersion = 16.0.30204.135
MinimumVisualStudioVersion = 10.0.40219.1
Project("{FAE04EC0-301F-11D3-BF4B-00C04F79EFBC}") = "Methods", "Methods\Methods.csproj", "{213139DA-80C1-4B10-A372-890BEDAF89F9}"
EndProject
Global
	GlobalSection(SolutionConfigurationPlatforms) = preSolution
		Debug|Any CPU = Debug|Any CPU
		Release|Any CPU = Release|Any CPU
	EndGlobalSection
	GlobalSection(ProjectConfigurationPlatforms) = postSolution
		{213139DA-80C1-4B10-A372-890BEDAF89F9}.Debug|Any CPU.ActiveCfg = Debug|Any CPU
		{213139DA-80C1-4B10-A372-890BEDAF89F9}.Debug|Any CPU.Build.0 = Debug|Any CPU
		{213139DA-80C1-4B10-A372-890BEDAF89F9}.Release|Any CPU.ActiveCfg = Release|Any CPU
		{213139DA-80C1-4B10-A372-890BEDAF89F9}.Release|Any CPU.Build.0 = Release|Any CPU
	EndGlobalSection
	GlobalSection(SolutionProperties) = preSolution
		HideSolutionNode = FALSE
	EndGlobalSection
	GlobalSection(ExtensibilityGlobals) = postSolution
		SolutionGuid = {3F333709-67E9-4F0E-8379-E0561566DF7F}
	EndGlobalSection
EndGlobal
