
Microsoft Visual Studio Solution File, Format Version 12.00
# Visual Studio Version 16
VisualStudioVersion = 16.0.30204.135
MinimumVisualStudioVersion = 10.0.40219.1
Project("{FAE04EC0-301F-11D3-BF4B-00C04F79EFBC}") = "LoopsAssignment2", "LoopsAssignment2\LoopsAssignment2.csproj", "{223CBF04-B37F-4886-A841-B440584C2153}"
EndProject
Global
	GlobalSection(SolutionConfigurationPlatforms) = preSolution
		Debug|Any CPU = Debug|Any CPU
		Release|Any CPU = Release|Any CPU
	EndGlobalSection
	GlobalSection(ProjectConfigurationPlatforms) = postSolution
		{223CBF04-B37F-4886-A841-B440584C2153}.Debug|Any CPU.ActiveCfg = Debug|Any CPU
		{223CBF04-B37F-4886-A841-B440584C2153}.Debug|Any CPU.Build.0 = Debug|Any CPU
		{223CBF04-B37F-4886-A841-B440584C2153}.Release|Any CPU.ActiveCfg = Release|Any CPU
		{223CBF04-B37F-4886-A841-B440584C2153}.Release|Any CPU.Build.0 = Release|Any CPU
	EndGlobalSection
	GlobalSection(SolutionProperties) = preSolution
		HideSolutionNode = FALSE
	EndGlobalSection
	GlobalSection(ExtensibilityGlobals) = postSolution
		SolutionGuid = {AAFB961F-8615-4750-8E69-51B38E91FA49}
	EndGlobalSection
EndGlobal
