
Microsoft Visual Studio Solution File, Format Version 12.00
# Visual Studio Version 16
VisualStudioVersion = 16.0.30204.135
MinimumVisualStudioVersion = 10.0.40219.1
Project("{FAE04EC0-301F-11D3-BF4B-00C04F79EFBC}") = "ConstDrill", "ConstDrill\ConstDrill.csproj", "{5489D293-4208-42F6-8AFF-F98BA452F207}"
EndProject
Global
	GlobalSection(SolutionConfigurationPlatforms) = preSolution
		Debug|Any CPU = Debug|Any CPU
		Release|Any CPU = Release|Any CPU
	EndGlobalSection
	GlobalSection(ProjectConfigurationPlatforms) = postSolution
		{5489D293-4208-42F6-8AFF-F98BA452F207}.Debug|Any CPU.ActiveCfg = Debug|Any CPU
		{5489D293-4208-42F6-8AFF-F98BA452F207}.Debug|Any CPU.Build.0 = Debug|Any CPU
		{5489D293-4208-42F6-8AFF-F98BA452F207}.Release|Any CPU.ActiveCfg = Release|Any CPU
		{5489D293-4208-42F6-8AFF-F98BA452F207}.Release|Any CPU.Build.0 = Release|Any CPU
	EndGlobalSection
	GlobalSection(SolutionProperties) = preSolution
		HideSolutionNode = FALSE
	EndGlobalSection
	GlobalSection(ExtensibilityGlobals) = postSolution
		SolutionGuid = {CFB851C5-37F7-4D55-B85A-E10CA8855343}
	EndGlobalSection
EndGlobal
