
Microsoft Visual Studio Solution File, Format Version 12.00
# Visual Studio Version 16
VisualStudioVersion = 16.0.30204.135
MinimumVisualStudioVersion = 10.0.40219.1
Project("{FAE04EC0-301F-11D3-BF4B-00C04F79EFBC}") = "Overload", "Overload\Overload.csproj", "{F4203D2E-4D4B-4542-BDE9-C25A894DDCA9}"
EndProject
Global
	GlobalSection(SolutionConfigurationPlatforms) = preSolution
		Debug|Any CPU = Debug|Any CPU
		Release|Any CPU = Release|Any CPU
	EndGlobalSection
	GlobalSection(ProjectConfigurationPlatforms) = postSolution
		{F4203D2E-4D4B-4542-BDE9-C25A894DDCA9}.Debug|Any CPU.ActiveCfg = Debug|Any CPU
		{F4203D2E-4D4B-4542-BDE9-C25A894DDCA9}.Debug|Any CPU.Build.0 = Debug|Any CPU
		{F4203D2E-4D4B-4542-BDE9-C25A894DDCA9}.Release|Any CPU.ActiveCfg = Release|Any CPU
		{F4203D2E-4D4B-4542-BDE9-C25A894DDCA9}.Release|Any CPU.Build.0 = Release|Any CPU
	EndGlobalSection
	GlobalSection(SolutionProperties) = preSolution
		HideSolutionNode = FALSE
	EndGlobalSection
	GlobalSection(ExtensibilityGlobals) = postSolution
		SolutionGuid = {1EF67994-80BD-466B-8BDC-EF23647B3049}
	EndGlobalSection
EndGlobal
